github.com/KazumiLine/deviceBinder v0.0.0-20220901085754-df33baa29d61 h1:lI2LT6puiHlm4Y1C7BB3g8UugdCszrV4XqjMfgT/bvk=
github.com/KazumiLine/deviceBinder v0.0.0-20220901085754-df33baa29d61/go.mod h1:2QNrafRDnpHLOZqTDLm7TlF6vrqN1KWzBGBULKndlSY=
github.com/OneOfOne/xxhash v1.2.8 h1:31czK/TI9sNkxIKfaUfGlU47BAxQ0ztGgd9vPyqimf8=
github.com/OneOfOne/xxhash v1.2.8/go.mod h1:eZbhyaAYD41SGSSsnmcpxVoRiQ/MPUTjUdIIOT9Um7Q=
github.com/andybalholm/brotli v1.0.4 h1:V7DdXeJtZscaqfNuAdSRuRFzuiKlHSC/Zh3zl9qY3JY=
github.com/andybalholm/brotli v1.0.4/go.mod h1:fO7iG3H7G2nSZ7m0zPUDn85XEX2GTukHGRSepvi9Eig=
github.com/ddliu/go-httpclient v0.6.7 h1:xukJGVhvoe3/s4B/tOs7PRzi0My4b3kXAcAJQVZQgxE=
github.com/ddliu/go-httpclient v0.6.7/go.mod h1:zM9P0OxV4OGGz1pt/ibuj0ooX2SWH9a6MvXZLbT0JMc=
github.com/ericlagergren/polyval v0.0.0-20220411101811-e25bc10ba391 h1:8j2RH289RJplhA6WfdaPqzg1MjH2K8wX5e0uhAxrw2g=
github.com/ericlagergren/polyval v0.0.0-20220411101811-e25bc10ba391/go.mod h1:K2R7GhgxrlJzHw2qiPWsCZXf/kXEJN9PLnQK73Ll0po=
github.com/ericlagergren/siv v0.0.0-20220507050439-0b757b3aa5f1 h1:tlDMEdcPRQKBEz5nGDMvswiajqh7k8ogWRlhRwKy5mY=
github.com/ericlagergren/siv v0.0.0-20220507050439-0b757b3aa5f1/go.mod h1:4RfsapbGx2j/vU5xC/5/9qB3kn9Awp1YDiEnN43QrJ4=
github.com/ericlagergren/subtle v0.0.0-20220507045147-890d697da010 h1:fuGucgPk5dN6wzfnxl3D0D3rVLw4v2SbBT9jb4VnxzA=
github.com/ericlagergren/subtle v0.0.0-20220507045147-890d697da010/go.mod h1:JtBcj7sBuTTRupn7c2bFspMDIObMJsVK8TeUvpShPok=
github.com/google/uuid v0.0.0-20171113160352-8c31c18f31ed/go.mod h1:TIyPZe4MgqvfeYDBFedMoGGpEw/LqOeaOT+nhxU+yHo=
github.com/google/uuid v1.3.0 h1:t6JiXgmwXMjEs8VusXIJk2BXHsn+wx8BZdTaoZ5fu7I=
github.com/google/uuid v1.3.0/go.mod h1:TIyPZe4MgqvfeYDBFedMoGGpEw/LqOeaOT+nhxU+yHo=
github.com/inconshreveable/go-update v0.0.0-20160112193335-8152e7eb6ccf h1:WfD7VjIE6z8dIvMsI4/s+1qr5EL+zoIGev1BQj1eoJ8=
github.com/inconshreveable/go-update v0.0.0-20160112193335-8152e7eb6ccf/go.mod h1:hyb9oH7vZsitZCiBt0ZvifOrB+qc8PS5IiilCIb87rg=
github.com/klauspost/compress v1.15.9 h1:wKRjX6JRtDdrE9qwa4b/Cip7ACOshUI4smpCQanqjSY=
github.com/klauspost/compress v1.15.9/go.mod h1:PhcZ0MbTNciWF3rruxRgKxI5NkcHHrHUDtV4Yw2GlzU=
github.com/mattn/go-colorable v0.1.2/go.mod h1:U0ppj6V5qS13XJ6of8GYAs25YV2eR4EVcfRqFIhoBtE=
github.com/mattn/go-isatty v0.0.8/go.mod h1:Iq45c/XA43vh69/j3iqttzPXn0bhXyGjM0Hdxcsrc5s=
github.com/mdp/qrterminal v1.0.1 h1:07+fzVDlPuBlXS8tB0ktTAyf+Lp1j2+2zK3fBOL5b7c=
github.com/mdp/qrterminal v1.0.1/go.mod h1:Z33WhxQe9B6CdW37HaVqcRKzP+kByF3q/qLxOGe12xQ=
github.com/mdp/qrterminal/v3 v3.0.0 h1:ywQqLRBXWTktytQNDKFjhAvoGkLVN3J2tAFZ0kMd9xQ=
github.com/mdp/qrterminal/v3 v3.0.0/go.mod h1:NJpfAs7OAm77Dy8EkWrtE4aq+cE6McoLXlBqXQEwvE0=
github.com/miguelsandro/curve25519-go v0.0.0-20171107140843-564b467e915d h1:ou/k7Tr8HOeJpfAkVqSl/GREeQSCMcatueSgTK4nLYs=
github.com/miguelsandro/curve25519-go v0.0.0-20171107140843-564b467e915d/go.mod h1:DTh/TrEUx1mD6Y8jt/FojdgAMHK38I3wltkAHuvP2T0=
github.com/pkg/errors v0.8.1-0.20161029093637-248dadf4e906 h1:BKfCEBHnHoXswNe0Btj/zOfiyn40z6qOti8SeLbQgdM=
github.com/pkg/errors v0.8.1-0.20161029093637-248dadf4e906/go.mod h1:bwawxfHBFNV+L2hUp1rHADufV3IMtnDRdf1r5NINEl0=
github.com/s00d/onlinesim-go-api v1.0.8 h1:Lq66h1GT3S0R41BWNN+cYQJKthNh4vCrWpNiKc2QOTE=
github.com/s00d/onlinesim-go-api v1.0.8/go.mod h1:DOwKTGLhAf/fTWf1klz0dOaF/yeVJ2UIxu0MhVOHFvs=
github.com/slayer/autorestart v0.0.0-20170706172547-5ebd91f955ae h1:hnJJroq/kooxO2jUKDc8KXxj8tilWvOlD0hzDDv05ss=
github.com/slayer/autorestart v0.0.0-20170706172547-5ebd91f955ae/go.mod h1:p+QQKBy7tS+myk+y3sgnAKx4gUtD/Q9Z6KEd77cLzWY=
github.com/tidwall/gjson v1.14.4 h1:uo0p8EbA09J7RQaflQ1aBRffTR7xedD2bcIVSYxLnkM=
github.com/tidwall/gjson v1.14.4/go.mod h1:/wbyibRr2FHMks5tjHJ5F8dMZh3AcwJEMf5vlfC0lxk=
github.com/tidwall/match v1.1.1 h1:+Ho715JplO36QYgwN9PGYNhgZvoUSc9X2c80KVTi+GA=
github.com/tidwall/match v1.1.1/go.mod h1:eRSPERbgtNPcGhD8UCthc6PmLEQXEWd3PRB5JTxsfmM=
github.com/tidwall/pretty v1.2.0 h1:RWIZEg2iJ8/g6fDDYzMpobmaoGh5OLl4AXtGUGPcqCs=
github.com/tidwall/pretty v1.2.0/go.mod h1:ITEVvHYasfjBbM0u2Pg8T2nJnzm8xPwvNhhsoaGGjNU=
github.com/utahta/go-linenotify v0.5.0 h1:E1tJaB/XhqRY/iz203FD0MaHm10DjQPOq5/Mem2A3Gs=
github.com/utahta/go-linenotify v0.5.0/go.mod h1:KsvBXil2wx+ByaCR0e+IZKTbp4pDesc7yjzRigLf6pE=
github.com/valyala/bytebufferpool v1.0.0 h1:GqA5TC/0021Y/b9FG4Oi9Mr3q7XYx6KllzawFIhcdPw=
github.com/valyala/bytebufferpool v1.0.0/go.mod h1:6bBcMArwyJ5K/AmCkWv1jt77kVWyCJ6HpOuEn7z0Csc=
github.com/valyala/fasthttp v1.42.0 h1:LBMyqvJR8DEBgN79oI8dGbkuj5Lm9jbHESxH131TTN8=
github.com/valyala/fasthttp v1.42.0/go.mod h1:f6VbjjoI3z1NDOZOv17o6RvtRSWxC77seBFc2uWtgiY=
github.com/valyala/tcplisten v1.0.0/go.mod h1:T0xQ8SeCZGxckz9qRXTfG43PvQ/mcWh7FwZEA7Ioqkc=
golang.org/x/crypto v0.0.0-20220214200702-86341886e292/go.mod h1:IxCIyHEi3zRg3s0A5j5BB6A9Jmi73HwBIUl50j+osU4=
golang.org/x/crypto v0.0.0-20220829220503-c86fa9a7ed90 h1:Y/gsMcFOcR+6S6f3YeMKl5g+dZMEWqcz5Czj/GWYbkM=
golang.org/x/crypto v0.0.0-20220829220503-c86fa9a7ed90/go.mod h1:IxCIyHEi3zRg3s0A5j5BB6A9Jmi73HwBIUl50j+osU4=
golang.org/x/exp v0.0.0-20221217163422-3c43f8badb15 h1:5oN1Pz/eDhCpbMbLstvIPa0b/BEQo6g6nwV3pLjfM6w=
golang.org/x/exp v0.0.0-20221217163422-3c43f8badb15/go.mod h1:CxIveKay+FTh1D0yPZemJVgC/95VzuuOLq5Qi4xnoYc=
golang.org/x/net v0.0.0-20171115151908-9dfe39835686/go.mod h1:mL1N/T3taQHkDXs73rZJwtUhF3w3ftmwwsq0BUmARs4=
golang.org/x/net v0.0.0-20211112202133-69e39bad7dc2/go.mod h1:9nx3DQGgdP8bBQD5qxJ1jj9UTztislL4KSBs9R2vV5Y=
golang.org/x/net v0.0.0-20220906165146-f3363e06e74c/go.mod h1:YDH+HFinaLZZlnHAfSS6ZXJJ9M9t4Dl22yv3iI2vPwk=
golang.org/x/net v0.2.0 h1:sZfSu1wtKLGlWI4ZZayP0ck9Y73K1ynO6gqzTdBVdPU=
golang.org/x/net v0.2.0/go.mod h1:KqCZLdyyvdV855qA2rE3GC2aiw5xGR5TEjj8smXukLY=
golang.org/x/sync v0.0.0-20171101214715-fd80eb99c8f6/go.mod h1:RxMgew5VJxzue5/jJTE5uejpjVlOe/izrB70Jof72aM=
golang.org/x/sync v0.1.0 h1:wsuoTGHzEhffawBOhz5CYhcrV4IdKZbEyZjBMuTp12o=
golang.org/x/sync v0.1.0/go.mod h1:RxMgew5VJxzue5/jJTE5uejpjVlOe/izrB70Jof72aM=
golang.org/x/sys v0.0.0-20190222072716-a9d3bda3a223/go.mod h1:STP8DvDyc/dI5b8T5hshtkjS+E42TnysNCUPdjciGhY=
golang.org/x/sys v0.0.0-20201119102817-f84b799fce68/go.mod h1:h1NjWce9XRLGQEsW7wpKNCjG9DtNlClVuFLEZdDNbEs=
golang.org/x/sys v0.0.0-20210423082822-04245dca01da/go.mod h1:h1NjWce9XRLGQEsW7wpKNCjG9DtNlClVuFLEZdDNbEs=
golang.org/x/sys v0.0.0-20210615035016-665e8c7367d1/go.mod h1:oPkhp1MJrh7nUepCBck5+mAzfO9JrbApNNgaTdGDITg=
golang.org/x/sys v0.0.0-20220728004956-3c1f35247d10/go.mod h1:oPkhp1MJrh7nUepCBck5+mAzfO9JrbApNNgaTdGDITg=
golang.org/x/sys v0.2.0 h1:ljd4t30dBnAvMZaQCevtY0xLLD0A+bRZXbgLMLU1F/A=
golang.org/x/sys v0.2.0/go.mod h1:oPkhp1MJrh7nUepCBck5+mAzfO9JrbApNNgaTdGDITg=
golang.org/x/term v0.0.0-20201126162022-7de9c90e9dd1/go.mod h1:bj7SfCRtBDWHUb9snDiAeCFNEtKQo2Wmx5Cou7ajbmo=
golang.org/x/term v0.0.0-20210927222741-03fcf44c2211/go.mod h1:jbD1KX2456YbFQfuXm/mYQcufACuNUgVhRMnK/tPxf8=
golang.org/x/text v0.3.6/go.mod h1:5Zoc/QRtKVWzQhOtBMvqHzDpF6irO9z98xDceosuGiQ=
golang.org/x/text v0.3.7/go.mod h1:u+2+/6zg+i71rQMx5EYifcz6MCKuco9NR6JIITiCfzQ=
golang.org/x/text v0.4.0 h1:BrVqGRd7+k1DiOgtnFvAkoQEWQvBc25ouMJM6429SFg=
golang.org/x/text v0.4.0/go.mod h1:mrYo+phRRbMaCq/xk9113O4dZlRixOauAjOtrjsXDZ8=
golang.org/x/tools v0.0.0-20180917221912-90fa682c2a6e/go.mod h1:n7NCudcB/nEzxVGmLbDWY5pfWTLqBcC2KZ6jyYvM4mQ=
rsc.io/qr v0.2.0 h1:6vBLea5/NRMVTz8V66gipeLycZMl/+UlFmk8DvqQ6WY=
rsc.io/qr v0.2.0/go.mod h1:IF+uZjkb9fqyeF/4tlBoynqmQxUoPfWEKh921coOuXs=
